
Microsoft Visual Studio Solution File, Format Version 12.00
# Visual Studio Version 16
VisualStudioVersion = 16.0.29215.179
MinimumVisualStudioVersion = 10.0.40219.1
Project("{F184B08F-C81C-45F6-A57F-5ABD9991F28F}") = "ADBeasyInfo", "ADBeasyInfo\ADBeasyInfo.vbproj", "{D6A7FEF2-3B55-4A00-83CA-7AB11A301D25}"
EndProject
Global
	GlobalSection(SolutionConfigurationPlatforms) = preSolution
		Debug|Any CPU = Debug|Any CPU
		Release|Any CPU = Release|Any CPU
	EndGlobalSection
	GlobalSection(ProjectConfigurationPlatforms) = postSolution
		{D6A7FEF2-3B55-4A00-83CA-7AB11A301D25}.Debug|Any CPU.ActiveCfg = Debug|Any CPU
		{D6A7FEF2-3B55-4A00-83CA-7AB11A301D25}.Debug|Any CPU.Build.0 = Debug|Any CPU
		{D6A7FEF2-3B55-4A00-83CA-7AB11A301D25}.Release|Any CPU.ActiveCfg = Release|Any CPU
		{D6A7FEF2-3B55-4A00-83CA-7AB11A301D25}.Release|Any CPU.Build.0 = Release|Any CPU
	EndGlobalSection
	GlobalSection(SolutionProperties) = preSolution
		HideSolutionNode = FALSE
	EndGlobalSection
	GlobalSection(ExtensibilityGlobals) = postSolution
		SolutionGuid = {91AFAE4F-BCD6-4FC6-ACB8-6BFB92EA14CD}
	EndGlobalSection
EndGlobal
